
Microsoft Visual Studio Solution File, Format Version 12.00
# Visual Studio Version 17
VisualStudioVersion = 17.0.31903.59
MinimumVisualStudioVersion = 10.0.40219.1
Project("{2150E333-8FDC-42A3-9474-1A3956D46DE8}") = "src", "src", "{291420D2-70CE-41E0-9269-892162677097}"
EndProject
Project("{FAE04EC0-301F-11D3-BF4B-00C04F79EFBC}") = "SignalR.Test", "src\SignalR.Test\SignalR.Test.csproj", "{B2D29F29-7374-40B4-BF8C-480C9544F876}"
EndProject
Global
	GlobalSection(SolutionConfigurationPlatforms) = preSolution
		Debug|Any CPU = Debug|Any CPU
		Release|Any CPU = Release|Any CPU
	EndGlobalSection
	GlobalSection(SolutionProperties) = preSolution
		HideSolutionNode = FALSE
	EndGlobalSection
	GlobalSection(ProjectConfigurationPlatforms) = postSolution
		{B2D29F29-7374-40B4-BF8C-480C9544F876}.Debug|Any CPU.ActiveCfg = Debug|Any CPU
		{B2D29F29-7374-40B4-BF8C-480C9544F876}.Debug|Any CPU.Build.0 = Debug|Any CPU
		{B2D29F29-7374-40B4-BF8C-480C9544F876}.Release|Any CPU.ActiveCfg = Release|Any CPU
		{B2D29F29-7374-40B4-BF8C-480C9544F876}.Release|Any CPU.Build.0 = Release|Any CPU
	EndGlobalSection
	GlobalSection(NestedProjects) = preSolution
		{B2D29F29-7374-40B4-BF8C-480C9544F876} = {291420D2-70CE-41E0-9269-892162677097}
	EndGlobalSection
EndGlobal
